
Microsoft Visual Studio Solution File, Format Version 12.00
# Visual Studio Version 17
VisualStudioVersion = 17.9.34714.143
MinimumVisualStudioVersion = 10.0.40219.1
Project("{FAE04EC0-301F-11D3-BF4B-00C04F79EFBC}") = "Test_VnR", "Test_VnR.csproj", "{B284BEFD-52A7-4743-93C5-7283D6D1C045}"
EndProject
Global
	GlobalSection(SolutionConfigurationPlatforms) = preSolution
		Debug|Any CPU = Debug|Any CPU
		Release|Any CPU = Release|Any CPU
	EndGlobalSection
	GlobalSection(ProjectConfigurationPlatforms) = postSolution
		{B284BEFD-52A7-4743-93C5-7283D6D1C045}.Debug|Any CPU.ActiveCfg = Debug|Any CPU
		{B284BEFD-52A7-4743-93C5-7283D6D1C045}.Debug|Any CPU.Build.0 = Debug|Any CPU
		{B284BEFD-52A7-4743-93C5-7283D6D1C045}.Release|Any CPU.ActiveCfg = Release|Any CPU
		{B284BEFD-52A7-4743-93C5-7283D6D1C045}.Release|Any CPU.Build.0 = Release|Any CPU
	EndGlobalSection
	GlobalSection(SolutionProperties) = preSolution
		HideSolutionNode = FALSE
	EndGlobalSection
	GlobalSection(ExtensibilityGlobals) = postSolution
		SolutionGuid = {135BCDA2-8E77-4F49-A5AB-7DA8029317F5}
	EndGlobalSection
EndGlobal
